
Microsoft Visual Studio Solution File, Format Version 12.00
# Visual Studio Version 17
VisualStudioVersion = 17.0.32002.185
MinimumVisualStudioVersion = 10.0.40219.1
Project("{FAE04EC0-301F-11D3-BF4B-00C04F79EFBC}") = "Verdi og Referansetyper", "Verdi og Referansetyper\Verdi og Referansetyper.csproj", "{BA895889-8D02-4079-8518-006AC1D9DC62}"
EndProject
Global
	GlobalSection(SolutionConfigurationPlatforms) = preSolution
		Debug|Any CPU = Debug|Any CPU
		Release|Any CPU = Release|Any CPU
	EndGlobalSection
	GlobalSection(ProjectConfigurationPlatforms) = postSolution
		{BA895889-8D02-4079-8518-006AC1D9DC62}.Debug|Any CPU.ActiveCfg = Debug|Any CPU
		{BA895889-8D02-4079-8518-006AC1D9DC62}.Debug|Any CPU.Build.0 = Debug|Any CPU
		{BA895889-8D02-4079-8518-006AC1D9DC62}.Release|Any CPU.ActiveCfg = Release|Any CPU
		{BA895889-8D02-4079-8518-006AC1D9DC62}.Release|Any CPU.Build.0 = Release|Any CPU
	EndGlobalSection
	GlobalSection(SolutionProperties) = preSolution
		HideSolutionNode = FALSE
	EndGlobalSection
	GlobalSection(ExtensibilityGlobals) = postSolution
		SolutionGuid = {CDCF064F-3E1E-4DEC-9114-81039071E313}
	EndGlobalSection
EndGlobal
